
Microsoft Visual Studio Solution File, Format Version 12.00
# Visual Studio Version 17
VisualStudioVersion = 17.7.34031.279
MinimumVisualStudioVersion = 10.0.40219.1
Project("{9A19103F-16F7-4668-BE54-9A1E7A4F7556}") = "Supermarket.Core", "Supermarket.Core\Supermarket.Core.csproj", "{66D0DB19-600A-4C4A-92B3-5850518A2813}"
EndProject
Project("{9A19103F-16F7-4668-BE54-9A1E7A4F7556}") = "Supermarket.Infrastructure", "Supermarket.Infrastructure\Supermarket.Infrastructure.csproj", "{59D07CF2-2953-4D19-A655-6CC8A6D416D4}"
EndProject
Project("{9A19103F-16F7-4668-BE54-9A1E7A4F7556}") = "Supermarket.Wpf", "Supermarket.Wpf\Supermarket.Wpf.csproj", "{CA6B1736-08E7-4563-B596-E4280565CF7A}"
EndProject
Project("{2150E333-8FDC-42A3-9474-1A3956D46DE8}") = "Scripts", "Scripts", "{78AFC81D-D5FC-4111-B8A7-7357A485CD56}"
	ProjectSection(SolutionItems) = preProject
		Scripts\Functions.sql = Scripts\Functions.sql
		Scripts\inserts1.sql = Scripts\inserts1.sql
		Scripts\Procedures.sql = Scripts\Procedures.sql
		Scripts\script.ddl = Scripts\script.ddl
		Scripts\truncates.sql = Scripts\truncates.sql
		Scripts\Views.sql = Scripts\Views.sql
		Scripts\triggers.sql = Scripts\triggers.sql
		Scripts\generate_log_triggers.py = Scripts\generate_log_triggers.py
		Scripts\log_triggers.sql = Scripts\log_triggers.sql
	EndProjectSection
EndProject
Global
	GlobalSection(SolutionConfigurationPlatforms) = preSolution
		Debug|Any CPU = Debug|Any CPU
		Release|Any CPU = Release|Any CPU
	EndGlobalSection
	GlobalSection(ProjectConfigurationPlatforms) = postSolution
		{66D0DB19-600A-4C4A-92B3-5850518A2813}.Debug|Any CPU.ActiveCfg = Debug|Any CPU
		{66D0DB19-600A-4C4A-92B3-5850518A2813}.Debug|Any CPU.Build.0 = Debug|Any CPU
		{66D0DB19-600A-4C4A-92B3-5850518A2813}.Release|Any CPU.ActiveCfg = Release|Any CPU
		{66D0DB19-600A-4C4A-92B3-5850518A2813}.Release|Any CPU.Build.0 = Release|Any CPU
		{59D07CF2-2953-4D19-A655-6CC8A6D416D4}.Debug|Any CPU.ActiveCfg = Debug|Any CPU
		{59D07CF2-2953-4D19-A655-6CC8A6D416D4}.Debug|Any CPU.Build.0 = Debug|Any CPU
		{59D07CF2-2953-4D19-A655-6CC8A6D416D4}.Release|Any CPU.ActiveCfg = Release|Any CPU
		{59D07CF2-2953-4D19-A655-6CC8A6D416D4}.Release|Any CPU.Build.0 = Release|Any CPU
		{CA6B1736-08E7-4563-B596-E4280565CF7A}.Debug|Any CPU.ActiveCfg = Debug|Any CPU
		{CA6B1736-08E7-4563-B596-E4280565CF7A}.Debug|Any CPU.Build.0 = Debug|Any CPU
		{CA6B1736-08E7-4563-B596-E4280565CF7A}.Release|Any CPU.ActiveCfg = Release|Any CPU
		{CA6B1736-08E7-4563-B596-E4280565CF7A}.Release|Any CPU.Build.0 = Release|Any CPU
	EndGlobalSection
	GlobalSection(SolutionProperties) = preSolution
		HideSolutionNode = FALSE
	EndGlobalSection
	GlobalSection(ExtensibilityGlobals) = postSolution
		SolutionGuid = {F2BEBD53-2FA8-469C-89DD-C0250159A414}
	EndGlobalSection
EndGlobal
